// !$*UTF8*$!
{
	archiveVersion = 1;
	classes = {
	};
	objectVersion = 46;
	objects = {

/* Begin PBXBuildFile section */
		5815C5DE1D1D42E7005E56A9 /* minion.png in Resources */ = {isa = PBXBuildFile; fileRef = 5815C5DD1D1D42E7005E56A9 /* minion.png */; };
		5815C5E01D1D4314005E56A9 /* ZKQRCodeTool.swift in Sources */ = {isa = PBXBuildFile; fileRef = 5815C5DF1D1D4314005E56A9 /* ZKQRCodeTool.swift */; };
		7B5424BB1C8838660058A693 /* AppDelegate.swift in Sources */ = {isa = PBXBuildFile; fileRef = 7B5424BA1C8838660058A693 /* AppDelegate.swift */; };
		7B5424BD1C8838660058A693 /* ViewController.swift in Sources */ = {isa = PBXBuildFile; fileRef = 7B5424BC1C8838660058A693 /* ViewController.swift */; };
		7B5424C01C8838660058A693 /* Main.storyboard in Resources */ = {isa = PBXBuildFile; fileRef = 7B5424BE1C8838660058A693 /* Main.storyboard */; };
		7B5424C21C8838660058A693 /* Assets.xcassets in Resources */ = {isa = PBXBuildFile; fileRef = 7B5424C11C8838660058A693 /* Assets.xcassets */; };
		7B5424C51C8838660058A693 /* LaunchScreen.storyboard in Resources */ = {isa = PBXBuildFile; fileRef = 7B5424C31C8838660058A693 /* LaunchScreen.storyboard */; };
/* End PBXBuildFile section */

/* Begin PBXFileReference section */
		5815C5DD1D1D42E7005E56A9 /* minion.png */ = {isa = PBXFileReference; lastKnownFileType = image.png; path = minion.png; sourceTree = "<group>"; };
		5815C5DF1D1D4314005E56A9 /* ZKQRCodeTool.swift */ = {isa = PBXFileReference; fileEncoding = 4; lastKnownFileType = sourcecode.swift; path = ZKQRCodeTool.swift; sourceTree = "<group>"; };
		7B5424B71C8838660058A693 /* 二维码生成.app */ = {isa = PBXFileReference; explicitFileType = wrapper.application; includeInIndex = 0; path = "二维码生成.app"; sourceTree = BUILT_PRODUCTS_DIR; };
		7B5424BA1C8838660058A693 /* AppDelegate.swift */ = {isa = PBXFileReference; lastKnownFileType = sourcecode.swift; path = AppDelegate.swift; sourceTree = "<group>"; };
		7B5424BC1C8838660058A693 /* ViewController.swift */ = {isa = PBXFileReference; lastKnownFileType = sourcecode.swift; path = ViewController.swift; sourceTree = "<group>"; };
		7B5424BF1C8838660058A693 /* Base */ = {isa = PBXFileReference; lastKnownFileType = file.storyboard; name = Base; path = Base.lproj/Main.storyboard; sourceTree = "<group>"; };
		7B5424C11C8838660058A693 /* Assets.xcassets */ = {isa = PBXFileReference; lastKnownFileType = folder.assetcatalog; path = Assets.xcassets; sourceTree = "<group>"; };
		7B5424C41C8838660058A693 /* Base */ = {isa = PBXFileReference; lastKnownFileType = file.storyboard; name = Base; path = Base.lproj/LaunchScreen.storyboard; sourceTree = "<group>"; };
		7B5424C61C8838660058A693 /* Info.plist */ = {isa = PBXFileReference; lastKnownFileType = text.plist.xml; path = Info.plist; sourceTree = "<group>"; };
/* End PBXFileReference section */

/* Begin PBXFrameworksBuildPhase section */
		7B5424B41C8838660058A693 /* Frameworks */ = {
			isa = PBXFrameworksBuildPhase;
			buildActionMask = 2147483647;
			files = (
			);
			runOnlyForDeploymentPostprocessing = 0;
		};
/* End PBXFrameworksBuildPhase section */

/* Begin PBXGroup section */
		7B5424AE1C8838660058A693 = {
			isa = PBXGroup;
			children = (
				7B5424B91C8838660058A693 /* 二维码生成 */,
				7B5424B81C8838660058A693 /* Products */,
			);
			sourceTree = "<group>";
		};
		7B5424B81C8838660058A693 /* Products */ = {
			isa = PBXGroup;
			children = (
				7B5424B71C8838660058A693 /* 二维码生成.app */,
			);
			name = Products;
			sourceTree = "<group>";
		};
		7B5424B91C8838660058A693 /* 二维码生成 */ = {
			isa = PBXGroup;
			children = (
				5815C5DD1D1D42E7005E56A9 /* minion.png */,
				7B5424BA1C8838660058A693 /* AppDelegate.swift */,
				7B5424BC1C8838660058A693 /* ViewController.swift */,
				7B5424BE1C8838660058A693 /* Main.storyboard */,
				7B5424C11C8838660058A693 /* Assets.xcassets */,
				7B5424C31C8838660058A693 /* LaunchScreen.storyboard */,
				7B5424C61C8838660058A693 /* Info.plist */,
				5815C5DF1D1D4314005E56A9 /* ZKQRCodeTool.swift */,
			);
			path = "二维码生成";
			sourceTree = "<group>";
		};
/* End PBXGroup section */

/* Begin PBXNativeTarget section */
		7B5424B61C8838660058A693 /* 二维码生成 */ = {
			isa = PBXNativeTarget;
			buildConfigurationList = 7B5424C91C8838660058A693 /* Build configuration list for PBXNativeTarget "二维码生成" */;
			buildPhases = (
				7B5424B31C8838660058A693 /* Sources */,
				7B5424B41C8838660058A693 /* Frameworks */,
				7B5424B51C8838660058A693 /* Resources */,
			);
			buildRules = (
			);
			dependencies = (
			);
			name = "二维码生成";
			productName = "二维码生成";
			productReference = 7B5424B71C8838660058A693 /* 二维码生成.app */;
			productType = "com.apple.product-type.application";
		};
/* End PBXNativeTarget section */

/* Begin PBXProject section */
		7B5424AF1C8838660058A693 /* Project object */ = {
			isa = PBXProject;
			attributes = {
				LastSwiftUpdateCheck = 0720;
				LastUpgradeCheck = 0720;
				ORGANIZATIONNAME = "小码哥";
				TargetAttributes = {
					7B5424B61C8838660058A693 = {
						CreatedOnToolsVersion = 7.2;
					};
				};
			};
			buildConfigurationList = 7B5424B21C8838660058A693 /* Build configuration list for PBXProject "二维码生成" */;
			compatibilityVersion = "Xcode 3.2";
			developmentRegion = English;
			hasScannedForEncodings = 0;
			knownRegions = (
				en,
				Base,
			);
			mainGroup = 7B5424AE1C8838660058A693;
			productRefGroup = 7B5424B81C8838660058A693 /* Products */;
			projectDirPath = "";
			projectRoot = "";
			targets = (
				7B5424B61C8838660058A693 /* 二维码生成 */,
			);
		};
/* End PBXProject section */

/* Begin PBXResourcesBuildPhase section */
		7B5424B51C8838660058A693 /* Resources */ = {
			isa = PBXResourcesBuildPhase;
			buildActionMask = 2147483647;
			files = (
				7B5424C51C8838660058A693 /* LaunchScreen.storyboard in Resources */,
				7B5424C21C8838660058A693 /* Assets.xcassets in Resources */,
				7B5424C01C8838660058A693 /* Main.storyboard in Resources */,
				5815C5DE1D1D42E7005E56A9 /* minion.png in Resources */,
			);
			runOnlyForDeploymentPostprocessing = 0;
		};
/* End PBXResourcesBuildPhase section */

/* Begin PBXSourcesBuildPhase section */
		7B5424B31C8838660058A693 /* Sources */ = {
			isa = PBXSourcesBuildPhase;
			buildActionMask = 2147483647;
			files = (
				7B5424BD1C8838660058A693 /* ViewController.swift in Sources */,
				7B5424BB1C8838660058A693 /* AppDelegate.swift in Sources */,
				5815C5E01D1D4314005E56A9 /* ZKQRCodeTool.swift in Sources */,
			);
			runOnlyForDeploymentPostprocessing = 0;
		};
/* End PBXSourcesBuildPhase section */

/* Begin PBXVariantGroup section */
		7B5424BE1C8838660058A693 /* Main.storyboard */ = {
			isa = PBXVariantGroup;
			children = (
				7B5424BF1C8838660058A693 /* Base */,
			);
			name = Main.storyboard;
			sourceTree = "<group>";
		};
		7B5424C31C8838660058A693 /* LaunchScreen.storyboard */ = {
			isa = PBXVariantGroup;
			children = (
				7B5424C41C8838660058A693 /* Base */,
			);
			name = LaunchScreen.storyboard;
			sourceTree = "<group>";
		};
/* End PBXVariantGroup section */

/* Begin XCBuildConfiguration section */
		7B5424C71C8838660058A693 /* Debug */ = {
			isa = XCBuildConfiguration;
			buildSettings = {
				ALWAYS_SEARCH_USER_PATHS = NO;
				CLANG_CXX_LANGUAGE_STANDARD = "gnu++0x";
				CLANG_CXX_LIBRARY = "libc++";
				CLANG_ENABLE_MODULES = YES;
				CLANG_ENABLE_OBJC_ARC = YES;
				CLANG_WARN_BOOL_CONVERSION = YES;
				CLANG_WARN_CONSTANT_CONVERSION = YES;
				CLANG_WARN_DIRECT_OBJC_ISA_USAGE = YES_ERROR;
				CLANG_WARN_EMPTY_BODY = YES;
				CLANG_WARN_ENUM_CONVERSION = YES;
				CLANG_WARN_INT_CONVERSION = YES;
				CLANG_WARN_OBJC_ROOT_CLASS = YES_ERROR;
				CLANG_WARN_UNREACHABLE_CODE = YES;
				CLANG_WARN__DUPLICATE_METHOD_MATCH = YES;
				"CODE_SIGN_IDENTITY[sdk=iphoneos*]" = "iPhone Developer";
				COPY_PHASE_STRIP = NO;
				DEBUG_INFORMATION_FORMAT = dwarf;
				ENABLE_STRICT_OBJC_MSGSEND = YES;
				ENABLE_TESTABILITY = YES;
				GCC_C_LANGUAGE_STANDARD = gnu99;
				GCC_DYNAMIC_NO_PIC = NO;
				GCC_NO_COMMON_BLOCKS = YES;
				GCC_OPTIMIZATION_LEVEL = 0;
				GCC_PREPROCESSOR_DEFINITIONS = (
					"DEBUG=1",
					"$(inherited)",
				);
				GCC_WARN_64_TO_32_BIT_CONVERSION = YES;
				GCC_WARN_ABOUT_RETURN_TYPE = YES_ERROR;
				GCC_WARN_UNDECLARED_SELECTOR = YES;
				GCC_WARN_UNINITIALIZED_AUTOS = YES_AGGRESSIVE;
				GCC_WARN_UNUSED_FUNCTION = YES;
				GCC_WARN_UNUSED_VARIABLE = YES;
				IPHONEOS_DEPLOYMENT_TARGET = 8.1;
				MTL_ENABLE_DEBUG_INFO = YES;
				ONLY_ACTIVE_ARCH = YES;
				SDKROOT = iphoneos;
				SWIFT_OPTIMIZATION_LEVEL = "-Onone";
			};
			name = Debug;
		};
		7B5424C81C8838660058A693 /* Release */ = {
			isa = XCBuildConfiguration;
			buildSettings = {
				ALWAYS_SEARCH_USER_PATHS = NO;
				CLANG_CXX_LANGUAGE_STANDARD = "gnu++0x";
				CLANG_CXX_LIBRARY = "libc++";
				CLANG_ENABLE_MODULES = YES;
				CLANG_ENABLE_OBJC_ARC = YES;
				CLANG_WARN_BOOL_CONVERSION = YES;
				CLANG_WARN_CONSTANT_CONVERSION = YES;
				CLANG_WARN_DIRECT_OBJC_ISA_USAGE = YES_ERROR;
				CLANG_WARN_EMPTY_BODY = YES;
				CLANG_WARN_ENUM_CONVERSION = YES;
				CLANG_WARN_INT_CONVERSION = YES;
				CLANG_WARN_OBJC_ROOT_CLASS = YES_ERROR;
				CLANG_WARN_UNREACHABLE_CODE = YES;
				CLANG_WARN__DUPLICATE_METHOD_MATCH = YES;
				"CODE_SIGN_IDENTITY[sdk=iphoneos*]" = "iPhone Developer";
				COPY_PHASE_STRIP = NO;
				DEBUG_INFORMATION_FORMAT = "dwarf-with-dsym";
				ENABLE_NS_ASSERTIONS = NO;
				ENABLE_STRICT_OBJC_MSGSEND = YES;
				GCC_C_LANGUAGE_STANDARD = gnu99;
				GCC_NO_COMMON_BLOCKS = YES;
				GCC_WARN_64_TO_32_BIT_CONVERSION = YES;
				GCC_WARN_ABOUT_RETURN_TYPE = YES_ERROR;
				GCC_WARN_UNDECLARED_SELECTOR = YES;
				GCC_WARN_UNINITIALIZED_AUTOS = YES_AGGRESSIVE;
				GCC_WARN_UNUSED_FUNCTION = YES;
				GCC_WARN_UNUSED_VARIABLE = YES;
				IPHONEOS_DEPLOYMENT_TARGET = 8.1;
				MTL_ENABLE_DEBUG_INFO = NO;
				SDKROOT = iphoneos;
				VALIDATE_PRODUCT = YES;
			};
			name = Release;
		};
		7B5424CA1C8838660058A693 /* Debug */ = {
			isa = XCBuildConfiguration;
			buildSettings = {
				ASSETCATALOG_COMPILER_APPICON_NAME = AppIcon;
				INFOPLIST_FILE = "二维码生成/Info.plist";
				LD_RUNPATH_SEARCH_PATHS = "$(inherited) @executable_path/Frameworks";
				PRODUCT_BUNDLE_IDENTIFIER = cn.only.www;
				PRODUCT_NAME = "$(TARGET_NAME)";
			};
			name = Debug;
		};
		7B5424CB1C8838660058A693 /* Release */ = {
			isa = XCBuildConfiguration;
			buildSettings = {
				ASSETCATALOG_COMPILER_APPICON_NAME = AppIcon;
				INFOPLIST_FILE = "二维码生成/Info.plist";
				LD_RUNPATH_SEARCH_PATHS = "$(inherited) @executable_path/Frameworks";
				PRODUCT_BUNDLE_IDENTIFIER = cn.only.www;
				PRODUCT_NAME = "$(TARGET_NAME)";
			};
			name = Release;
		};
/* End XCBuildConfiguration section */

/* Begin XCConfigurationList section */
		7B5424B21C8838660058A693 /* Build configuration list for PBXProject "二维码生成" */ = {
			isa = XCConfigurationList;
			buildConfigurations = (
				7B5424C71C8838660058A693 /* Debug */,
				7B5424C81C8838660058A693 /* Release */,
			);
			defaultConfigurationIsVisible = 0;
			defaultConfigurationName = Release;
		};
		7B5424C91C8838660058A693 /* Build configuration list for PBXNativeTarget "二维码生成" */ = {
			isa = XCConfigurationList;
			buildConfigurations = (
				7B5424CA1C8838660058A693 /* Debug */,
				7B5424CB1C8838660058A693 /* Release */,
			);
			defaultConfigurationIsVisible = 0;
			defaultConfigurationName = Release;
		};
/* End XCConfigurationList section */
	};
	rootObject = 7B5424AF1C8838660058A693 /* Project object */;
}
